
Microsoft Visual Studio Solution File, Format Version 12.00
# Visual Studio Version 17
VisualStudioVersion = 17.8.34309.116
MinimumVisualStudioVersion = 10.0.40219.1
Project("{9A19103F-16F7-4668-BE54-9A1E7A4F7556}") = "Example2", "Example2.csproj", "{3542EF35-E408-438D-90AB-290FABE86F3F}"
EndProject
Global
	GlobalSection(SolutionConfigurationPlatforms) = preSolution
		Debug|Any CPU = Debug|Any CPU
		Release|Any CPU = Release|Any CPU
	EndGlobalSection
	GlobalSection(ProjectConfigurationPlatforms) = postSolution
		{3542EF35-E408-438D-90AB-290FABE86F3F}.Debug|Any CPU.ActiveCfg = Debug|Any CPU
		{3542EF35-E408-438D-90AB-290FABE86F3F}.Debug|Any CPU.Build.0 = Debug|Any CPU
		{3542EF35-E408-438D-90AB-290FABE86F3F}.Release|Any CPU.ActiveCfg = Release|Any CPU
		{3542EF35-E408-438D-90AB-290FABE86F3F}.Release|Any CPU.Build.0 = Release|Any CPU
	EndGlobalSection
	GlobalSection(SolutionProperties) = preSolution
		HideSolutionNode = FALSE
	EndGlobalSection
	GlobalSection(ExtensibilityGlobals) = postSolution
		SolutionGuid = {DCEF7736-7FF4-4D6C-9D4C-BB41141EC1A2}
	EndGlobalSection
EndGlobal
